
Microsoft Visual Studio Solution File, Format Version 9.00
# Visual Studio 2005
Project("{2150E333-8FDC-42A3-9474-1A3956D46DE8}") = "新文件夹1", "新文件夹1", "{5535BC03-CC24-474F-B60E-E56FCEE31BEB}"
	ProjectSection(WebsiteProperties) = preProject
		Debug.AspNetCompiler.Debug = "True"
		Release.AspNetCompiler.Debug = "False"
	EndProjectSection
EndProject
Project("{E24C65DC-7377-472B-9ABA-BC803B73C61A}") = "D:\...\Webservice\", "Webservice\", "{B2CDF9A4-7824-4AA2-BDCE-938AD76C2698}"
	ProjectSection(WebsiteProperties) = preProject
		Debug.AspNetCompiler.VirtualPath = "/Webservice"
		Debug.AspNetCompiler.PhysicalPath = "Webservice\"
		Debug.AspNetCompiler.TargetPath = "PrecompiledWeb\Webservice\"
		Debug.AspNetCompiler.Updateable = "true"
		Debug.AspNetCompiler.ForceOverwrite = "true"
		Debug.AspNetCompiler.FixedNames = "false"
		Debug.AspNetCompiler.Debug = "True"
		Release.AspNetCompiler.VirtualPath = "/Webservice"
		Release.AspNetCompiler.PhysicalPath = "Webservice\"
		Release.AspNetCompiler.TargetPath = "PrecompiledWeb\Webservice\"
		Release.AspNetCompiler.Updateable = "true"
		Release.AspNetCompiler.ForceOverwrite = "true"
		Release.AspNetCompiler.FixedNames = "false"
		Release.AspNetCompiler.Debug = "False"
		VWDPort = "1271"
		DefaultWebSiteLanguage = "Visual C#"
	EndProjectSection
EndProject
Global
	GlobalSection(SolutionConfigurationPlatforms) = preSolution
		Debug|.NET = Debug|.NET
	EndGlobalSection
	GlobalSection(ProjectConfigurationPlatforms) = postSolution
		{B2CDF9A4-7824-4AA2-BDCE-938AD76C2698}.Debug|.NET.ActiveCfg = Debug|.NET
		{B2CDF9A4-7824-4AA2-BDCE-938AD76C2698}.Debug|.NET.Build.0 = Debug|.NET
	EndGlobalSection
	GlobalSection(SolutionProperties) = preSolution
		HideSolutionNode = FALSE
	EndGlobalSection
EndGlobal
